github.com/beevik/etree v1.4.1 h1:PmQJDDYahBGNKDcpdX8uPy1xRCwoCGVUiW669MEirVI=
github.com/beevik/etree v1.4.1/go.mod h1:gPNJNaBGVZ9AwsidazFZyygnd+0pAU38N4D+WemwKNs=
github.com/shopspring/decimal v1.4.0 h1:bxl37RwXBklmTi0C79JfXCEBD1cqqHt0bbgBAGFp81k=
github.com/shopspring/decimal v1.4.0/go.mod h1:gawqmDU56v4yIKSwfBSFip1HdCCXN8/+DMd9qYNcwME=
github.com/speedata/cxpath v0.0.3 h1:0E/h2TEwOTOU8+ccG+OzePsbgdMHdpdkQ3qyloX31ko=
github.com/speedata/cxpath v0.0.3/go.mod h1:zqS/52UF+rYZ3a4FxQ2FmepzV6UAdUlfBoQl8i+cJMM=
github.com/speedata/goxml v1.0.1 h1:YAzy7kajDo2hhSLmogHQTXcnIvXj1+sJrcVCscoJfNQ=
github.com/speedata/goxml v1.0.1/go.mod h1:G++cv0h2rC8ltAhvQmANDgwMbKRd3MetXlF8PLob6dw=
github.com/speedata/goxpath v1.0.2 h1:DmtAJ1hSA3tuAyv68W7PxnOVEVCg5co5MYaj5cacIaw=
github.com/speedata/goxpath v1.0.2/go.mod h1:FSlqVENeItCamo3AVwUUVH1gSgQ3t7IL4QaoA6aQSU0=
golang.org/x/net v0.33.0 h1:74SYHlV8BIgHIFC/LrYkOGIwL19eTYXQ5wc6TBuO36I=
golang.org/x/net v0.33.0/go.mod h1:HXLR5J+9DxmrqMwG9qjGCxZ+zKXxBru04zlTvWlWuN4=
