github.com/beevik/etree v1.5.1 h1:TC3zyxYp+81wAmbsi8SWUpZCurbxa6S8RITYRSkNRwo=
github.com/beevik/etree v1.5.1/go.mod h1:gPNJNaBGVZ9AwsidazFZyygnd+0pAU38N4D+WemwKNs=
github.com/shopspring/decimal v1.4.0 h1:bxl37RwXBklmTi0C79JfXCEBD1cqqHt0bbgBAGFp81k=
github.com/shopspring/decimal v1.4.0/go.mod h1:gawqmDU56v4yIKSwfBSFip1HdCCXN8/+DMd9qYNcwME=
github.com/speedata/cxpath v0.0.4 h1:yCbbl3E+hKz5K0ENT3eZZvIi1UTzbtzQ+/AytYSXVjk=
github.com/speedata/cxpath v0.0.4/go.mod h1:Ini4yNJfpozj5SLVDGLYJKjjwQjrLS6pMGuYHNoAmvU=
github.com/speedata/goxml v1.0.3 h1:As3byZe8DGSbX9YHE1rYUbAsSlBSz457S9Oloy3qwfY=
github.com/speedata/goxml v1.0.3/go.mod h1:G++cv0h2rC8ltAhvQmANDgwMbKRd3MetXlF8PLob6dw=
github.com/speedata/goxpath v1.0.3 h1:V0nYlYxTz+m1QFgXTPW6pKbODa8fLmMV3JOs1zg7SrI=
github.com/speedata/goxpath v1.0.3/go.mod h1:3k2LikzJOQBJw1cEwT3RnpPTnXEwmFJqp+zUfOl6ArM=
golang.org/x/net v0.39.0 h1:ZCu7HMWDxpXpaiKdhzIfaltL9Lp31x/3fCP11bc6/fY=
golang.org/x/net v0.39.0/go.mod h1:X7NRbYVEA+ewNkCNyJ513WmMdQ3BineSwVtN2zD/d+E=
